
Microsoft Visual Studio Solution File, Format Version 12.00
# Visual Studio Version 17
VisualStudioVersion = 17.4.33213.308
MinimumVisualStudioVersion = 10.0.40219.1
Project("{9A19103F-16F7-4668-BE54-9A1E7A4F7556}") = "NetCoreDesignPatterns.Common", "src\NetCoreDesignPatterns.Common\NetCoreDesignPatterns.Common.csproj", "{396C4F84-2647-4E33-BEA0-1414DF844F4F}"
EndProject
Project("{2150E333-8FDC-42A3-9474-1A3956D46DE8}") = "src", "src", "{2D5E8005-C45A-4B76-8A72-7EFFA4A4E732}"
EndProject
Project("{2150E333-8FDC-42A3-9474-1A3956D46DE8}") = "test", "test", "{D2B7DAFA-0E94-4C0F-8F69-F15C79F1BF97}"
EndProject
Project("{2150E333-8FDC-42A3-9474-1A3956D46DE8}") = "Creational", "Creational", "{74762793-05B3-4E5D-AF8B-CFD9A8638DC8}"
EndProject
Project("{FAE04EC0-301F-11D3-BF4B-00C04F79EFBC}") = "NetCoreDesignPatterns.FactoryMethod", "src\NetCoreDesignPatterns.FactoryMethod\NetCoreDesignPatterns.FactoryMethod.csproj", "{1FC13EB9-2739-403C-8A30-0EA82B720BCF}"
EndProject
Global
	GlobalSection(SolutionConfigurationPlatforms) = preSolution
		Debug|Any CPU = Debug|Any CPU
		Release|Any CPU = Release|Any CPU
	EndGlobalSection
	GlobalSection(ProjectConfigurationPlatforms) = postSolution
		{396C4F84-2647-4E33-BEA0-1414DF844F4F}.Debug|Any CPU.ActiveCfg = Debug|Any CPU
		{396C4F84-2647-4E33-BEA0-1414DF844F4F}.Debug|Any CPU.Build.0 = Debug|Any CPU
		{396C4F84-2647-4E33-BEA0-1414DF844F4F}.Release|Any CPU.ActiveCfg = Release|Any CPU
		{396C4F84-2647-4E33-BEA0-1414DF844F4F}.Release|Any CPU.Build.0 = Release|Any CPU
		{1FC13EB9-2739-403C-8A30-0EA82B720BCF}.Debug|Any CPU.ActiveCfg = Debug|Any CPU
		{1FC13EB9-2739-403C-8A30-0EA82B720BCF}.Debug|Any CPU.Build.0 = Debug|Any CPU
		{1FC13EB9-2739-403C-8A30-0EA82B720BCF}.Release|Any CPU.ActiveCfg = Release|Any CPU
		{1FC13EB9-2739-403C-8A30-0EA82B720BCF}.Release|Any CPU.Build.0 = Release|Any CPU
	EndGlobalSection
	GlobalSection(SolutionProperties) = preSolution
		HideSolutionNode = FALSE
	EndGlobalSection
	GlobalSection(NestedProjects) = preSolution
		{396C4F84-2647-4E33-BEA0-1414DF844F4F} = {2D5E8005-C45A-4B76-8A72-7EFFA4A4E732}
		{74762793-05B3-4E5D-AF8B-CFD9A8638DC8} = {2D5E8005-C45A-4B76-8A72-7EFFA4A4E732}
		{1FC13EB9-2739-403C-8A30-0EA82B720BCF} = {74762793-05B3-4E5D-AF8B-CFD9A8638DC8}
	EndGlobalSection
	GlobalSection(ExtensibilityGlobals) = postSolution
		SolutionGuid = {AC051D53-F1B8-4C52-8D0F-D106B1C3D0B0}
	EndGlobalSection
EndGlobal
